
Microsoft Visual Studio Solution File, Format Version 12.00
# Visual Studio 15
VisualStudioVersion = 15.0.27428.2043
MinimumVisualStudioVersion = 10.0.40219.1
Project("{FAE04EC0-301F-11D3-BF4B-00C04F79EFBC}") = "Rinner", "Rinner\Rinner.csproj", "{AAB28CD3-1450-49C6-B839-115F1E178460}"
EndProject
Project("{FAE04EC0-301F-11D3-BF4B-00C04F79EFBC}") = "RedisConnector", "RedisConnector\RedisConnector.csproj", "{330E6108-34CF-4DA4-A35B-181BCBD5554E}"
EndProject
Global
	GlobalSection(SolutionConfigurationPlatforms) = preSolution
		Debug|Any CPU = Debug|Any CPU
		Release|Any CPU = Release|Any CPU
	EndGlobalSection
	GlobalSection(ProjectConfigurationPlatforms) = postSolution
		{AAB28CD3-1450-49C6-B839-115F1E178460}.Debug|Any CPU.ActiveCfg = Debug|Any CPU
		{AAB28CD3-1450-49C6-B839-115F1E178460}.Debug|Any CPU.Build.0 = Debug|Any CPU
		{AAB28CD3-1450-49C6-B839-115F1E178460}.Release|Any CPU.ActiveCfg = Release|Any CPU
		{AAB28CD3-1450-49C6-B839-115F1E178460}.Release|Any CPU.Build.0 = Release|Any CPU
		{330E6108-34CF-4DA4-A35B-181BCBD5554E}.Debug|Any CPU.ActiveCfg = Debug|Any CPU
		{330E6108-34CF-4DA4-A35B-181BCBD5554E}.Debug|Any CPU.Build.0 = Debug|Any CPU
		{330E6108-34CF-4DA4-A35B-181BCBD5554E}.Release|Any CPU.ActiveCfg = Release|Any CPU
		{330E6108-34CF-4DA4-A35B-181BCBD5554E}.Release|Any CPU.Build.0 = Release|Any CPU
	EndGlobalSection
	GlobalSection(SolutionProperties) = preSolution
		HideSolutionNode = FALSE
	EndGlobalSection
	GlobalSection(ExtensibilityGlobals) = postSolution
		SolutionGuid = {B6D37C02-6EED-44C5-9E98-995DB2F9C4AF}
	EndGlobalSection
EndGlobal
